
Microsoft Visual Studio Solution File, Format Version 12.00
# Visual Studio Version 16
VisualStudioVersion = 16.0.31205.134
MinimumVisualStudioVersion = 10.0.40219.1
Project("{9A19103F-16F7-4668-BE54-9A1E7A4F7556}") = "Chat.Core", "Chat.Core\Chat.Core.csproj", "{68BE1DE3-F96F-4E93-8E7E-4F8EFA371B53}"
EndProject
Project("{9A19103F-16F7-4668-BE54-9A1E7A4F7556}") = "Chat.Server", "Chat.Server\Chat.Server.csproj", "{F2064507-7669-4341-83F6-72E8CCF8E6CA}"
EndProject
Project("{9A19103F-16F7-4668-BE54-9A1E7A4F7556}") = "Chat.Client", "Chat.Client\Chat.Client.csproj", "{1CEE59F3-FADC-448D-8F9B-6AF67CF7AAA5}"
EndProject
Project("{9A19103F-16F7-4668-BE54-9A1E7A4F7556}") = "Chat.Server.Tests", "Chat.Server.Tests\Chat.Server.Tests.csproj", "{9F1E049C-5956-4D33-8378-9DCDDD8E9AEA}"
EndProject
Project("{9A19103F-16F7-4668-BE54-9A1E7A4F7556}") = "Chat.Client.Tests", "Chat.Client.Tests\Chat.Client.Tests.csproj", "{AEE928E1-2C30-4183-98E6-5B9C8C11E578}"
EndProject
Global
	GlobalSection(SolutionConfigurationPlatforms) = preSolution
		Debug|Any CPU = Debug|Any CPU
		Release|Any CPU = Release|Any CPU
	EndGlobalSection
	GlobalSection(ProjectConfigurationPlatforms) = postSolution
		{68BE1DE3-F96F-4E93-8E7E-4F8EFA371B53}.Debug|Any CPU.ActiveCfg = Debug|Any CPU
		{68BE1DE3-F96F-4E93-8E7E-4F8EFA371B53}.Debug|Any CPU.Build.0 = Debug|Any CPU
		{68BE1DE3-F96F-4E93-8E7E-4F8EFA371B53}.Release|Any CPU.ActiveCfg = Release|Any CPU
		{68BE1DE3-F96F-4E93-8E7E-4F8EFA371B53}.Release|Any CPU.Build.0 = Release|Any CPU
		{F2064507-7669-4341-83F6-72E8CCF8E6CA}.Debug|Any CPU.ActiveCfg = Debug|Any CPU
		{F2064507-7669-4341-83F6-72E8CCF8E6CA}.Debug|Any CPU.Build.0 = Debug|Any CPU
		{F2064507-7669-4341-83F6-72E8CCF8E6CA}.Release|Any CPU.ActiveCfg = Release|Any CPU
		{F2064507-7669-4341-83F6-72E8CCF8E6CA}.Release|Any CPU.Build.0 = Release|Any CPU
		{1CEE59F3-FADC-448D-8F9B-6AF67CF7AAA5}.Debug|Any CPU.ActiveCfg = Debug|Any CPU
		{1CEE59F3-FADC-448D-8F9B-6AF67CF7AAA5}.Debug|Any CPU.Build.0 = Debug|Any CPU
		{1CEE59F3-FADC-448D-8F9B-6AF67CF7AAA5}.Release|Any CPU.ActiveCfg = Release|Any CPU
		{1CEE59F3-FADC-448D-8F9B-6AF67CF7AAA5}.Release|Any CPU.Build.0 = Release|Any CPU
		{9F1E049C-5956-4D33-8378-9DCDDD8E9AEA}.Debug|Any CPU.ActiveCfg = Debug|Any CPU
		{9F1E049C-5956-4D33-8378-9DCDDD8E9AEA}.Debug|Any CPU.Build.0 = Debug|Any CPU
		{9F1E049C-5956-4D33-8378-9DCDDD8E9AEA}.Release|Any CPU.ActiveCfg = Release|Any CPU
		{9F1E049C-5956-4D33-8378-9DCDDD8E9AEA}.Release|Any CPU.Build.0 = Release|Any CPU
		{AEE928E1-2C30-4183-98E6-5B9C8C11E578}.Debug|Any CPU.ActiveCfg = Debug|Any CPU
		{AEE928E1-2C30-4183-98E6-5B9C8C11E578}.Debug|Any CPU.Build.0 = Debug|Any CPU
		{AEE928E1-2C30-4183-98E6-5B9C8C11E578}.Release|Any CPU.ActiveCfg = Release|Any CPU
		{AEE928E1-2C30-4183-98E6-5B9C8C11E578}.Release|Any CPU.Build.0 = Release|Any CPU
	EndGlobalSection
	GlobalSection(SolutionProperties) = preSolution
		HideSolutionNode = FALSE
	EndGlobalSection
	GlobalSection(ExtensibilityGlobals) = postSolution
		SolutionGuid = {8182260B-B747-48B1-87E8-A5933C6DE3C3}
	EndGlobalSection
EndGlobal
